
Microsoft Visual Studio Solution File, Format Version 12.00
# Visual Studio Version 16
VisualStudioVersion = 16.0.29709.97
MinimumVisualStudioVersion = 10.0.40219.1
Project("{FAE04EC0-301F-11D3-BF4B-00C04F79EFBC}") = "pr04-03-01", "pr04-03-01.csproj", "{42F34DE8-1C67-4FDB-9019-ED8DDFE20C0E}"
EndProject
Global
	GlobalSection(SolutionConfigurationPlatforms) = preSolution
		Debug|Any CPU = Debug|Any CPU
		Release|Any CPU = Release|Any CPU
	EndGlobalSection
	GlobalSection(ProjectConfigurationPlatforms) = postSolution
		{42F34DE8-1C67-4FDB-9019-ED8DDFE20C0E}.Debug|Any CPU.ActiveCfg = Debug|Any CPU
		{42F34DE8-1C67-4FDB-9019-ED8DDFE20C0E}.Debug|Any CPU.Build.0 = Debug|Any CPU
		{42F34DE8-1C67-4FDB-9019-ED8DDFE20C0E}.Release|Any CPU.ActiveCfg = Release|Any CPU
		{42F34DE8-1C67-4FDB-9019-ED8DDFE20C0E}.Release|Any CPU.Build.0 = Release|Any CPU
	EndGlobalSection
	GlobalSection(SolutionProperties) = preSolution
		HideSolutionNode = FALSE
	EndGlobalSection
	GlobalSection(ExtensibilityGlobals) = postSolution
		SolutionGuid = {40D2D149-991D-4408-98C0-024126F5D1AE}
	EndGlobalSection
EndGlobal
