
Microsoft Visual Studio Solution File, Format Version 12.00
# Visual Studio Version 16
VisualStudioVersion = 16.0.29709.97
MinimumVisualStudioVersion = 10.0.40219.1
Project("{FAE04EC0-301F-11D3-BF4B-00C04F79EFBC}") = "pr04-04-01", "pr04-04-01.csproj", "{9EB4CBF4-4570-4954-9873-67D61A1DAFA6}"
EndProject
Global
	GlobalSection(SolutionConfigurationPlatforms) = preSolution
		Debug|Any CPU = Debug|Any CPU
		Release|Any CPU = Release|Any CPU
	EndGlobalSection
	GlobalSection(ProjectConfigurationPlatforms) = postSolution
		{9EB4CBF4-4570-4954-9873-67D61A1DAFA6}.Debug|Any CPU.ActiveCfg = Debug|Any CPU
		{9EB4CBF4-4570-4954-9873-67D61A1DAFA6}.Debug|Any CPU.Build.0 = Debug|Any CPU
		{9EB4CBF4-4570-4954-9873-67D61A1DAFA6}.Release|Any CPU.ActiveCfg = Release|Any CPU
		{9EB4CBF4-4570-4954-9873-67D61A1DAFA6}.Release|Any CPU.Build.0 = Release|Any CPU
	EndGlobalSection
	GlobalSection(SolutionProperties) = preSolution
		HideSolutionNode = FALSE
	EndGlobalSection
	GlobalSection(ExtensibilityGlobals) = postSolution
		SolutionGuid = {72F112D8-CD60-406A-891D-5997A290CFA0}
	EndGlobalSection
EndGlobal
