
Microsoft Visual Studio Solution File, Format Version 12.00
# Visual Studio Version 16
VisualStudioVersion = 16.0.29709.97
MinimumVisualStudioVersion = 10.0.40219.1
Project("{FAE04EC0-301F-11D3-BF4B-00C04F79EFBC}") = "pr02-02-3", "pr02-02-3.csproj", "{64D86761-1C1F-489A-9E34-F5267DA7073C}"
EndProject
Global
	GlobalSection(SolutionConfigurationPlatforms) = preSolution
		Debug|Any CPU = Debug|Any CPU
		Release|Any CPU = Release|Any CPU
	EndGlobalSection
	GlobalSection(ProjectConfigurationPlatforms) = postSolution
		{64D86761-1C1F-489A-9E34-F5267DA7073C}.Debug|Any CPU.ActiveCfg = Debug|Any CPU
		{64D86761-1C1F-489A-9E34-F5267DA7073C}.Debug|Any CPU.Build.0 = Debug|Any CPU
		{64D86761-1C1F-489A-9E34-F5267DA7073C}.Release|Any CPU.ActiveCfg = Release|Any CPU
		{64D86761-1C1F-489A-9E34-F5267DA7073C}.Release|Any CPU.Build.0 = Release|Any CPU
	EndGlobalSection
	GlobalSection(SolutionProperties) = preSolution
		HideSolutionNode = FALSE
	EndGlobalSection
	GlobalSection(ExtensibilityGlobals) = postSolution
		SolutionGuid = {E88374E4-76F1-48DC-B55C-8DD5472D74C2}
	EndGlobalSection
EndGlobal
