
Microsoft Visual Studio Solution File, Format Version 12.00
# Visual Studio Version 16
VisualStudioVersion = 16.0.29709.97
MinimumVisualStudioVersion = 10.0.40219.1
Project("{FAE04EC0-301F-11D3-BF4B-00C04F79EFBC}") = "pr04-02-02", "pr04-02-02.csproj", "{662C6283-F305-4803-B465-F6795F4797CE}"
EndProject
Global
	GlobalSection(SolutionConfigurationPlatforms) = preSolution
		Debug|Any CPU = Debug|Any CPU
		Release|Any CPU = Release|Any CPU
	EndGlobalSection
	GlobalSection(ProjectConfigurationPlatforms) = postSolution
		{662C6283-F305-4803-B465-F6795F4797CE}.Debug|Any CPU.ActiveCfg = Debug|Any CPU
		{662C6283-F305-4803-B465-F6795F4797CE}.Debug|Any CPU.Build.0 = Debug|Any CPU
		{662C6283-F305-4803-B465-F6795F4797CE}.Release|Any CPU.ActiveCfg = Release|Any CPU
		{662C6283-F305-4803-B465-F6795F4797CE}.Release|Any CPU.Build.0 = Release|Any CPU
	EndGlobalSection
	GlobalSection(SolutionProperties) = preSolution
		HideSolutionNode = FALSE
	EndGlobalSection
	GlobalSection(ExtensibilityGlobals) = postSolution
		SolutionGuid = {007BE988-4EBB-4E47-A679-AFBBF7896316}
	EndGlobalSection
EndGlobal
