
Microsoft Visual Studio Solution File, Format Version 12.00
# Visual Studio Version 16
VisualStudioVersion = 16.0.29709.97
MinimumVisualStudioVersion = 10.0.40219.1
Project("{FAE04EC0-301F-11D3-BF4B-00C04F79EFBC}") = "pr01-01-2", "pr01-01-2.csproj", "{A576104A-5CDB-417C-95D0-26068D5D5598}"
EndProject
Global
	GlobalSection(SolutionConfigurationPlatforms) = preSolution
		Debug|Any CPU = Debug|Any CPU
		Release|Any CPU = Release|Any CPU
	EndGlobalSection
	GlobalSection(ProjectConfigurationPlatforms) = postSolution
		{A576104A-5CDB-417C-95D0-26068D5D5598}.Debug|Any CPU.ActiveCfg = Debug|Any CPU
		{A576104A-5CDB-417C-95D0-26068D5D5598}.Debug|Any CPU.Build.0 = Debug|Any CPU
		{A576104A-5CDB-417C-95D0-26068D5D5598}.Release|Any CPU.ActiveCfg = Release|Any CPU
		{A576104A-5CDB-417C-95D0-26068D5D5598}.Release|Any CPU.Build.0 = Release|Any CPU
	EndGlobalSection
	GlobalSection(SolutionProperties) = preSolution
		HideSolutionNode = FALSE
	EndGlobalSection
	GlobalSection(ExtensibilityGlobals) = postSolution
		SolutionGuid = {42A8CDE5-F110-4643-8BD6-D397C64B776E}
	EndGlobalSection
EndGlobal
