
Microsoft Visual Studio Solution File, Format Version 12.00
# Visual Studio Version 16
VisualStudioVersion = 16.0.29709.97
MinimumVisualStudioVersion = 10.0.40219.1
Project("{FAE04EC0-301F-11D3-BF4B-00C04F79EFBC}") = "pr07-01-01", "pr07-01-01.csproj", "{CA185FF3-947C-48F1-8A80-2007ADD3C61D}"
EndProject
Global
	GlobalSection(SolutionConfigurationPlatforms) = preSolution
		Debug|Any CPU = Debug|Any CPU
		Release|Any CPU = Release|Any CPU
	EndGlobalSection
	GlobalSection(ProjectConfigurationPlatforms) = postSolution
		{CA185FF3-947C-48F1-8A80-2007ADD3C61D}.Debug|Any CPU.ActiveCfg = Debug|Any CPU
		{CA185FF3-947C-48F1-8A80-2007ADD3C61D}.Debug|Any CPU.Build.0 = Debug|Any CPU
		{CA185FF3-947C-48F1-8A80-2007ADD3C61D}.Release|Any CPU.ActiveCfg = Release|Any CPU
		{CA185FF3-947C-48F1-8A80-2007ADD3C61D}.Release|Any CPU.Build.0 = Release|Any CPU
	EndGlobalSection
	GlobalSection(SolutionProperties) = preSolution
		HideSolutionNode = FALSE
	EndGlobalSection
	GlobalSection(ExtensibilityGlobals) = postSolution
		SolutionGuid = {8D8FF4C4-E72F-4700-AC47-35C2179B1135}
	EndGlobalSection
EndGlobal
